
Microsoft Visual Studio Solution File, Format Version 12.00
# Visual Studio Version 17
VisualStudioVersion = 17.10.34916.146
MinimumVisualStudioVersion = 10.0.40219.1
Project("{FAE04EC0-301F-11D3-BF4B-00C04F79EFBC}") = "EX_DAY_2", "EX_DAY_2\EX_DAY_2.csproj", "{078CFDB9-016B-484D-ACC5-7A48F77B03FC}"
EndProject
Global
	GlobalSection(SolutionConfigurationPlatforms) = preSolution
		Debug|Any CPU = Debug|Any CPU
		Release|Any CPU = Release|Any CPU
	EndGlobalSection
	GlobalSection(ProjectConfigurationPlatforms) = postSolution
		{078CFDB9-016B-484D-ACC5-7A48F77B03FC}.Debug|Any CPU.ActiveCfg = Debug|Any CPU
		{078CFDB9-016B-484D-ACC5-7A48F77B03FC}.Debug|Any CPU.Build.0 = Debug|Any CPU
		{078CFDB9-016B-484D-ACC5-7A48F77B03FC}.Release|Any CPU.ActiveCfg = Release|Any CPU
		{078CFDB9-016B-484D-ACC5-7A48F77B03FC}.Release|Any CPU.Build.0 = Release|Any CPU
	EndGlobalSection
	GlobalSection(SolutionProperties) = preSolution
		HideSolutionNode = FALSE
	EndGlobalSection
	GlobalSection(ExtensibilityGlobals) = postSolution
		SolutionGuid = {2F53A9E4-954C-46AE-9348-3275C74F4612}
	EndGlobalSection
EndGlobal
